
Microsoft Visual Studio Solution File, Format Version 12.00
# Visual Studio 15
VisualStudioVersion = 15.0.27703.2042
MinimumVisualStudioVersion = 10.0.40219.1
Project("{9A19103F-16F7-4668-BE54-9A1E7A4F7556}") = "Mazes", "Mazes\Mazes.csproj", "{12DA048F-37D0-41E4-8413-A7613CEFDCB1}"
EndProject
Project("{9A19103F-16F7-4668-BE54-9A1E7A4F7556}") = "Algorithms", "Algorithms\Algorithms.csproj", "{FE587BE9-313B-4AF0-97D7-53DDAFB92E29}"
EndProject
Project("{9A19103F-16F7-4668-BE54-9A1E7A4F7556}") = "MazeRunner", "MazeRunner\MazeRunner.csproj", "{AD042059-415D-4713-8029-F14909A8161B}"
EndProject
Global
	GlobalSection(SolutionConfigurationPlatforms) = preSolution
		Debug|Any CPU = Debug|Any CPU
		Release|Any CPU = Release|Any CPU
	EndGlobalSection
	GlobalSection(ProjectConfigurationPlatforms) = postSolution
		{12DA048F-37D0-41E4-8413-A7613CEFDCB1}.Debug|Any CPU.ActiveCfg = Debug|Any CPU
		{12DA048F-37D0-41E4-8413-A7613CEFDCB1}.Debug|Any CPU.Build.0 = Debug|Any CPU
		{12DA048F-37D0-41E4-8413-A7613CEFDCB1}.Release|Any CPU.ActiveCfg = Release|Any CPU
		{12DA048F-37D0-41E4-8413-A7613CEFDCB1}.Release|Any CPU.Build.0 = Release|Any CPU
		{FE587BE9-313B-4AF0-97D7-53DDAFB92E29}.Debug|Any CPU.ActiveCfg = Debug|Any CPU
		{FE587BE9-313B-4AF0-97D7-53DDAFB92E29}.Debug|Any CPU.Build.0 = Debug|Any CPU
		{FE587BE9-313B-4AF0-97D7-53DDAFB92E29}.Release|Any CPU.ActiveCfg = Release|Any CPU
		{FE587BE9-313B-4AF0-97D7-53DDAFB92E29}.Release|Any CPU.Build.0 = Release|Any CPU
		{AD042059-415D-4713-8029-F14909A8161B}.Debug|Any CPU.ActiveCfg = Debug|Any CPU
		{AD042059-415D-4713-8029-F14909A8161B}.Debug|Any CPU.Build.0 = Debug|Any CPU
		{AD042059-415D-4713-8029-F14909A8161B}.Release|Any CPU.ActiveCfg = Release|Any CPU
		{AD042059-415D-4713-8029-F14909A8161B}.Release|Any CPU.Build.0 = Release|Any CPU
	EndGlobalSection
	GlobalSection(SolutionProperties) = preSolution
		HideSolutionNode = FALSE
	EndGlobalSection
	GlobalSection(ExtensibilityGlobals) = postSolution
		SolutionGuid = {B0CA45AB-E0DA-486C-AB15-AAB166931609}
	EndGlobalSection
EndGlobal
